
Microsoft Visual Studio Solution File, Format Version 12.00
# Visual Studio Version 17
VisualStudioVersion = 17.13.36105.23
MinimumVisualStudioVersion = 10.0.40219.1
Project("{2150E333-8FDC-42A3-9474-1A3956D46DE8}") = "Src", "Src", "{02EA681E-C7D8-13C7-8484-4AC65E1B71E8}"
EndProject
Project("{2150E333-8FDC-42A3-9474-1A3956D46DE8}") = "Services", "Services", "{79E6518E-01AF-4C4D-957D-719141DA5404}"
EndProject
Project("{2150E333-8FDC-42A3-9474-1A3956D46DE8}") = "IDPService", "IDPService", "{A559CDA1-102C-4E8D-9887-704F9EA01C90}"
EndProject
Project("{FAE04EC0-301F-11D3-BF4B-00C04F79EFBC}") = "IDP.Api", "Src\Services\IDPService\IDP.Api\IDP.Api.csproj", "{FD43F250-0AFE-4226-8C00-67881F095EB0}"
EndProject
Project("{FAE04EC0-301F-11D3-BF4B-00C04F79EFBC}") = "IDP.Domain", "Src\Services\IDPService\IDP.Domain\IDP.Domain.csproj", "{24E9E29E-404C-4BDE-A1B6-4D8A30DD253D}"
EndProject
Project("{FAE04EC0-301F-11D3-BF4B-00C04F79EFBC}") = "IDP.Application", "Src\Services\IDPService\IDP.Application\IDP.Application.csproj", "{50757339-351A-4328-B5A0-531EEE052B91}"
EndProject
Project("{FAE04EC0-301F-11D3-BF4B-00C04F79EFBC}") = "IDP.Infra", "Src\Services\IDPService\IDP.Infra\IDP.Infra.csproj", "{0ADCAEFE-62B5-4D0C-9773-82EFCD78B541}"
EndProject
Project("{FAE04EC0-301F-11D3-BF4B-00C04F79EFBC}") = "IDP.Ioc", "Src\Services\IDPService\IDP.Ioc\IDP.Ioc.csproj", "{149ACD27-64E9-450F-AAAD-51DBEBF102A1}"
EndProject
Project("{FAE04EC0-301F-11D3-BF4B-00C04F79EFBC}") = "IDP.UnitTest", "Src\Services\IDPService\IDP.UnitTest\IDP.UnitTest.csproj", "{83742574-2B82-4602-B8DD-968AC5EE8DD4}"
EndProject
Project("{2150E333-8FDC-42A3-9474-1A3956D46DE8}") = "Common", "Common", "{38DF3277-5069-4684-9C71-F809D420AD37}"
EndProject
Project("{2150E333-8FDC-42A3-9474-1A3956D46DE8}") = "CatalogService", "CatalogService", "{2BBEC9CF-A38A-4729-B48D-3A3D0D74D9D2}"
EndProject
Project("{2150E333-8FDC-42A3-9474-1A3956D46DE8}") = "SearchService", "SearchService", "{A199AA58-7571-4A20-985D-DE47EA05AAC5}"
EndProject
Project("{2150E333-8FDC-42A3-9474-1A3956D46DE8}") = "BascketService", "BascketService", "{E118FFE5-2DC7-4633-989C-A5E91112B776}"
EndProject
Project("{2150E333-8FDC-42A3-9474-1A3956D46DE8}") = "OrderService", "OrderService", "{2CAB34D9-A710-4CD8-BDCD-D9C05C56CA83}"
EndProject
Project("{2150E333-8FDC-42A3-9474-1A3956D46DE8}") = "ReportService", "ReportService", "{E6E0AED2-6E02-4EB3-A75A-9DE6031ABF96}"
EndProject
Project("{2150E333-8FDC-42A3-9474-1A3956D46DE8}") = "ApiGetway", "ApiGetway", "{F2B801D6-67A3-450A-BD36-93BC2638F006}"
EndProject
Project("{FAE04EC0-301F-11D3-BF4B-00C04F79EFBC}") = "Auth", "Src\Common\Auth\Auth.csproj", "{1A5B56B5-3856-4739-B76A-ECB437E8ED6C}"
EndProject
Global
	GlobalSection(SolutionConfigurationPlatforms) = preSolution
		Debug|Any CPU = Debug|Any CPU
		Release|Any CPU = Release|Any CPU
	EndGlobalSection
	GlobalSection(ProjectConfigurationPlatforms) = postSolution
		{FD43F250-0AFE-4226-8C00-67881F095EB0}.Debug|Any CPU.ActiveCfg = Debug|Any CPU
		{FD43F250-0AFE-4226-8C00-67881F095EB0}.Debug|Any CPU.Build.0 = Debug|Any CPU
		{FD43F250-0AFE-4226-8C00-67881F095EB0}.Release|Any CPU.ActiveCfg = Release|Any CPU
		{FD43F250-0AFE-4226-8C00-67881F095EB0}.Release|Any CPU.Build.0 = Release|Any CPU
		{24E9E29E-404C-4BDE-A1B6-4D8A30DD253D}.Debug|Any CPU.ActiveCfg = Debug|Any CPU
		{24E9E29E-404C-4BDE-A1B6-4D8A30DD253D}.Debug|Any CPU.Build.0 = Debug|Any CPU
		{24E9E29E-404C-4BDE-A1B6-4D8A30DD253D}.Release|Any CPU.ActiveCfg = Release|Any CPU
		{24E9E29E-404C-4BDE-A1B6-4D8A30DD253D}.Release|Any CPU.Build.0 = Release|Any CPU
		{50757339-351A-4328-B5A0-531EEE052B91}.Debug|Any CPU.ActiveCfg = Debug|Any CPU
		{50757339-351A-4328-B5A0-531EEE052B91}.Debug|Any CPU.Build.0 = Debug|Any CPU
		{50757339-351A-4328-B5A0-531EEE052B91}.Release|Any CPU.ActiveCfg = Release|Any CPU
		{50757339-351A-4328-B5A0-531EEE052B91}.Release|Any CPU.Build.0 = Release|Any CPU
		{0ADCAEFE-62B5-4D0C-9773-82EFCD78B541}.Debug|Any CPU.ActiveCfg = Debug|Any CPU
		{0ADCAEFE-62B5-4D0C-9773-82EFCD78B541}.Debug|Any CPU.Build.0 = Debug|Any CPU
		{0ADCAEFE-62B5-4D0C-9773-82EFCD78B541}.Release|Any CPU.ActiveCfg = Release|Any CPU
		{0ADCAEFE-62B5-4D0C-9773-82EFCD78B541}.Release|Any CPU.Build.0 = Release|Any CPU
		{149ACD27-64E9-450F-AAAD-51DBEBF102A1}.Debug|Any CPU.ActiveCfg = Debug|Any CPU
		{149ACD27-64E9-450F-AAAD-51DBEBF102A1}.Debug|Any CPU.Build.0 = Debug|Any CPU
		{149ACD27-64E9-450F-AAAD-51DBEBF102A1}.Release|Any CPU.ActiveCfg = Release|Any CPU
		{149ACD27-64E9-450F-AAAD-51DBEBF102A1}.Release|Any CPU.Build.0 = Release|Any CPU
		{83742574-2B82-4602-B8DD-968AC5EE8DD4}.Debug|Any CPU.ActiveCfg = Debug|Any CPU
		{83742574-2B82-4602-B8DD-968AC5EE8DD4}.Debug|Any CPU.Build.0 = Debug|Any CPU
		{83742574-2B82-4602-B8DD-968AC5EE8DD4}.Release|Any CPU.ActiveCfg = Release|Any CPU
		{83742574-2B82-4602-B8DD-968AC5EE8DD4}.Release|Any CPU.Build.0 = Release|Any CPU
		{1A5B56B5-3856-4739-B76A-ECB437E8ED6C}.Debug|Any CPU.ActiveCfg = Debug|Any CPU
		{1A5B56B5-3856-4739-B76A-ECB437E8ED6C}.Debug|Any CPU.Build.0 = Debug|Any CPU
		{1A5B56B5-3856-4739-B76A-ECB437E8ED6C}.Release|Any CPU.ActiveCfg = Release|Any CPU
		{1A5B56B5-3856-4739-B76A-ECB437E8ED6C}.Release|Any CPU.Build.0 = Release|Any CPU
	EndGlobalSection
	GlobalSection(SolutionProperties) = preSolution
		HideSolutionNode = FALSE
	EndGlobalSection
	GlobalSection(NestedProjects) = preSolution
		{79E6518E-01AF-4C4D-957D-719141DA5404} = {02EA681E-C7D8-13C7-8484-4AC65E1B71E8}
		{A559CDA1-102C-4E8D-9887-704F9EA01C90} = {79E6518E-01AF-4C4D-957D-719141DA5404}
		{FD43F250-0AFE-4226-8C00-67881F095EB0} = {A559CDA1-102C-4E8D-9887-704F9EA01C90}
		{24E9E29E-404C-4BDE-A1B6-4D8A30DD253D} = {A559CDA1-102C-4E8D-9887-704F9EA01C90}
		{50757339-351A-4328-B5A0-531EEE052B91} = {A559CDA1-102C-4E8D-9887-704F9EA01C90}
		{0ADCAEFE-62B5-4D0C-9773-82EFCD78B541} = {A559CDA1-102C-4E8D-9887-704F9EA01C90}
		{149ACD27-64E9-450F-AAAD-51DBEBF102A1} = {A559CDA1-102C-4E8D-9887-704F9EA01C90}
		{83742574-2B82-4602-B8DD-968AC5EE8DD4} = {A559CDA1-102C-4E8D-9887-704F9EA01C90}
		{38DF3277-5069-4684-9C71-F809D420AD37} = {02EA681E-C7D8-13C7-8484-4AC65E1B71E8}
		{2BBEC9CF-A38A-4729-B48D-3A3D0D74D9D2} = {79E6518E-01AF-4C4D-957D-719141DA5404}
		{A199AA58-7571-4A20-985D-DE47EA05AAC5} = {79E6518E-01AF-4C4D-957D-719141DA5404}
		{E118FFE5-2DC7-4633-989C-A5E91112B776} = {79E6518E-01AF-4C4D-957D-719141DA5404}
		{2CAB34D9-A710-4CD8-BDCD-D9C05C56CA83} = {79E6518E-01AF-4C4D-957D-719141DA5404}
		{E6E0AED2-6E02-4EB3-A75A-9DE6031ABF96} = {79E6518E-01AF-4C4D-957D-719141DA5404}
		{F2B801D6-67A3-450A-BD36-93BC2638F006} = {79E6518E-01AF-4C4D-957D-719141DA5404}
		{1A5B56B5-3856-4739-B76A-ECB437E8ED6C} = {38DF3277-5069-4684-9C71-F809D420AD37}
	EndGlobalSection
	GlobalSection(ExtensibilityGlobals) = postSolution
		SolutionGuid = {37CA0F29-D69D-415F-9E82-5D9065B48624}
	EndGlobalSection
EndGlobal
